lockfileVersion: '9.0'

settings:
  autoInstallPeers: true
  excludeLinksFromLockfile: false

importers:

  .:
    dependencies:
      '@hono/node-server':
        specifier: 1.19.15
        version: 1.19.15(hono@4.12.28)
      hono:
        specifier: ^4.12.27
        version: 4.12.28
    devDependencies:
      '@playwright/test':
        specifier: 1.61.1
        version: 1.61.1
      fast-check:
        specifier: 4.9.0
        version: 4.9.0

packages:

  '@hono/node-server@1.19.15':
    resolution: {integrity: sha512-Za2ai6TLdKjUvnur+eenO6nuYYipVAEhyCAdaV8IRvmU9kK8crOZUSYvIXn72E4f8fJqyAbpcJuTsYYmZp9Deg==}
    engines: {node: '>=18.14.1'}
    peerDependencies:
      hono: ^4

  '@playwright/test@1.61.1':
    resolution: {integrity: sha512-8nKv6+0RJSL9FE4jYOEGXnPeM/Hg12qZpmqzZjRh3qM0Y7c3z1mrOTfFLids72RDQYVh9WpLEfR5WdpNX4fkig==}
    engines: {node: '>=18'}
    hasBin: true

  fast-check@4.9.0:
    resolution: {integrity: sha512-7ms6T7SybUev/PQITciI0yLM2pOSFy5zpG8Ty7tQofcVaQUvrMXp6CBwqF6fThLCLOrfBtuHAtwq6Yu4XPCllg==}
    engines: {node: '>=12.17.0'}

  fsevents@2.3.2:
    resolution: {integrity: sha512-xiqMQR4xAeHTuB9uWm+fFRcIOgKBMiOBP+eXiyT7jsgVCq1bkVygt00oASowB7EdtpOHaaPgKt812P9ab+DDKA==}
    engines: {node: ^8.16.0 || ^10.6.0 || >=11.0.0}
    os: [darwin]

  hono@4.12.28:
    resolution: {integrity: sha512-YwUvVpSF7m1yOblFPrU3Hbo8XhPheBoiyfGuII6z19LnOr6JpDnyyp7LFNrfV56wS8tpvtBFGRISHN02pDdLOA==}
    engines: {node: '>=16.9.0'}

  playwright-core@1.61.1:
    resolution: {integrity: sha512-h7Qlt6m4REp25qvIdvbDtVmD4LqVXfpRxhORv9L0jzETM05p4fuPJ3dKyuSXQxDSbXnmS79HAgi9589lGSpLkg==}
    engines: {node: '>=18'}
    hasBin: true

  playwright@1.61.1:
    resolution: {integrity: sha512-DWnY5o3YbLWK4GovuAVwpqL+1VwGNdUGrRr++8j8PtQQzvAVZUIMjKQ90fY689sEJZJBbZVw1rXaOKSTitkzPQ==}
    engines: {node: '>=18'}
    hasBin: true

  pure-rand@8.4.1:
    resolution: {integrity: sha512-c58R2+SPFcSIPXoU834QN/KPDDOSd8sXcSrqf6e83Me6Rrp1EYkxukkjXMVrKvKaADs1SOyNkWdfvLf6zY8qLQ==}

snapshots:

  '@hono/node-server@1.19.15(hono@4.12.28)':
    dependencies:
      hono: 4.12.28

  '@playwright/test@1.61.1':
    dependencies:
      playwright: 1.61.1

  fast-check@4.9.0:
    dependencies:
      pure-rand: 8.4.1

  fsevents@2.3.2:
    optional: true

  hono@4.12.28: {}

  playwright-core@1.61.1: {}

  playwright@1.61.1:
    dependencies:
      playwright-core: 1.61.1
    optionalDependencies:
      fsevents: 2.3.2

  pure-rand@8.4.1: {}
